
Microsoft Visual Studio Solution File, Format Version 12.00
# Visual Studio Version 17
VisualStudioVersion = 17.0.31912.275
MinimumVisualStudioVersion = 10.0.40219.1
Project("{9A19103F-16F7-4668-BE54-9A1E7A4F7556}") = "1.GetStartWithSyntax", "1.GetStartWithSyntax\1.GetStartWithSyntax.csproj", "{D2187DCA-2329-44CA-A548-4F372BE82610}"
EndProject
Project("{9A19103F-16F7-4668-BE54-9A1E7A4F7556}") = "2.WorkWithConsole", "2.WorkWithConsole\2.WorkWithConsole.csproj", "{6E1C3815-D5D1-458B-9FBD-ECC0B16177E5}"
EndProject
Project("{9A19103F-16F7-4668-BE54-9A1E7A4F7556}") = "3.VariableInCSharp", "3.VariableInCSharp\3.VariableInCSharp.csproj", "{DDC8DE6D-D07F-4C48-9D64-F25B29AFD038}"
EndProject
Project("{9A19103F-16F7-4668-BE54-9A1E7A4F7556}") = "4.ValueTypeVsRefrenceType", "4.ValueTypeVsRefrenceType\4.ValueTypeVsRefrenceType.csproj", "{BE39F500-DA50-49F2-AB54-DC593F2BE09E}"
EndProject
Project("{9A19103F-16F7-4668-BE54-9A1E7A4F7556}") = "6.BranchingInCSharp", "BranchingInCSharp\6.BranchingInCSharp.csproj", "{A9525344-4B90-4BC6-905A-F6E8271A100D}"
EndProject
Project("{9A19103F-16F7-4668-BE54-9A1E7A4F7556}") = "5.TypeConversionInCSharp", "5.TypeConversionInCSharp\5.TypeConversionInCSharp.csproj", "{AC21B273-BA77-4662-8CB0-E3ECBFF48D65}"
EndProject
Project("{FAE04EC0-301F-11D3-BF4B-00C04F79EFBC}") = "7.LoopsInCSharp", "7.LoopsInCSharp\7.LoopsInCSharp.csproj", "{1679D7B2-ADB5-4C3E-827C-378FFB8C2F09}"
EndProject
Global
	GlobalSection(SolutionConfigurationPlatforms) = preSolution
		Debug|Any CPU = Debug|Any CPU
		Release|Any CPU = Release|Any CPU
	EndGlobalSection
	GlobalSection(ProjectConfigurationPlatforms) = postSolution
		{D2187DCA-2329-44CA-A548-4F372BE82610}.Debug|Any CPU.ActiveCfg = Debug|Any CPU
		{D2187DCA-2329-44CA-A548-4F372BE82610}.Debug|Any CPU.Build.0 = Debug|Any CPU
		{D2187DCA-2329-44CA-A548-4F372BE82610}.Release|Any CPU.ActiveCfg = Release|Any CPU
		{D2187DCA-2329-44CA-A548-4F372BE82610}.Release|Any CPU.Build.0 = Release|Any CPU
		{6E1C3815-D5D1-458B-9FBD-ECC0B16177E5}.Debug|Any CPU.ActiveCfg = Debug|Any CPU
		{6E1C3815-D5D1-458B-9FBD-ECC0B16177E5}.Debug|Any CPU.Build.0 = Debug|Any CPU
		{6E1C3815-D5D1-458B-9FBD-ECC0B16177E5}.Release|Any CPU.ActiveCfg = Release|Any CPU
		{6E1C3815-D5D1-458B-9FBD-ECC0B16177E5}.Release|Any CPU.Build.0 = Release|Any CPU
		{DDC8DE6D-D07F-4C48-9D64-F25B29AFD038}.Debug|Any CPU.ActiveCfg = Debug|Any CPU
		{DDC8DE6D-D07F-4C48-9D64-F25B29AFD038}.Debug|Any CPU.Build.0 = Debug|Any CPU
		{DDC8DE6D-D07F-4C48-9D64-F25B29AFD038}.Release|Any CPU.ActiveCfg = Release|Any CPU
		{DDC8DE6D-D07F-4C48-9D64-F25B29AFD038}.Release|Any CPU.Build.0 = Release|Any CPU
		{BE39F500-DA50-49F2-AB54-DC593F2BE09E}.Debug|Any CPU.ActiveCfg = Debug|Any CPU
		{BE39F500-DA50-49F2-AB54-DC593F2BE09E}.Debug|Any CPU.Build.0 = Debug|Any CPU
		{BE39F500-DA50-49F2-AB54-DC593F2BE09E}.Release|Any CPU.ActiveCfg = Release|Any CPU
		{BE39F500-DA50-49F2-AB54-DC593F2BE09E}.Release|Any CPU.Build.0 = Release|Any CPU
		{A9525344-4B90-4BC6-905A-F6E8271A100D}.Debug|Any CPU.ActiveCfg = Debug|Any CPU
		{A9525344-4B90-4BC6-905A-F6E8271A100D}.Debug|Any CPU.Build.0 = Debug|Any CPU
		{A9525344-4B90-4BC6-905A-F6E8271A100D}.Release|Any CPU.ActiveCfg = Release|Any CPU
		{A9525344-4B90-4BC6-905A-F6E8271A100D}.Release|Any CPU.Build.0 = Release|Any CPU
		{AC21B273-BA77-4662-8CB0-E3ECBFF48D65}.Debug|Any CPU.ActiveCfg = Debug|Any CPU
		{AC21B273-BA77-4662-8CB0-E3ECBFF48D65}.Debug|Any CPU.Build.0 = Debug|Any CPU
		{AC21B273-BA77-4662-8CB0-E3ECBFF48D65}.Release|Any CPU.ActiveCfg = Release|Any CPU
		{AC21B273-BA77-4662-8CB0-E3ECBFF48D65}.Release|Any CPU.Build.0 = Release|Any CPU
		{1679D7B2-ADB5-4C3E-827C-378FFB8C2F09}.Debug|Any CPU.ActiveCfg = Debug|Any CPU
		{1679D7B2-ADB5-4C3E-827C-378FFB8C2F09}.Debug|Any CPU.Build.0 = Debug|Any CPU
		{1679D7B2-ADB5-4C3E-827C-378FFB8C2F09}.Release|Any CPU.ActiveCfg = Release|Any CPU
		{1679D7B2-ADB5-4C3E-827C-378FFB8C2F09}.Release|Any CPU.Build.0 = Release|Any CPU
	EndGlobalSection
	GlobalSection(SolutionProperties) = preSolution
		HideSolutionNode = FALSE
	EndGlobalSection
	GlobalSection(ExtensibilityGlobals) = postSolution
		SolutionGuid = {DA18033A-4E6C-455F-977C-B6964292A372}
	EndGlobalSection
EndGlobal
